
Microsoft Visual Studio Solution File, Format Version 12.00
# Visual Studio 15
VisualStudioVersion = 15.0.28010.2003
MinimumVisualStudioVersion = 10.0.40219.1
Project("{D2ABAB84-BF74-430A-B69E-9DC6D40DDA17}") = "CUBE_PDP", "CUBE_PDP\CUBE_PDP.dwproj", "{9D25C24A-C125-491B-8C48-B586709E856E}"
EndProject
Global
	GlobalSection(SolutionConfigurationPlatforms) = preSolution
		Development|Default = Development|Default
	EndGlobalSection
	GlobalSection(ProjectConfigurationPlatforms) = postSolution
		{9D25C24A-C125-491B-8C48-B586709E856E}.Development|Default.ActiveCfg = Development
		{9D25C24A-C125-491B-8C48-B586709E856E}.Development|Default.Build.0 = Development
		{9D25C24A-C125-491B-8C48-B586709E856E}.Development|Default.Deploy.0 = Development
	EndGlobalSection
	GlobalSection(SolutionProperties) = preSolution
		HideSolutionNode = FALSE
	EndGlobalSection
	GlobalSection(ExtensibilityGlobals) = postSolution
		SolutionGuid = {48570EB7-00B8-4C34-8BD9-9EF69676AAFD}
	EndGlobalSection
EndGlobal
