
Microsoft Visual Studio Solution File, Format Version 12.00
# Visual Studio 15
VisualStudioVersion = 15.0.28010.2003
MinimumVisualStudioVersion = 10.0.40219.1
Project("{159641D6-6404-4A2A-AE62-294DE0FE8301}") = "ETL_Production", "ETL_Production\ETL_Production.dtproj", "{0F6E2BA6-83F2-4D86-A2EE-D40618E2C12A}"
EndProject
Global
	GlobalSection(SolutionConfigurationPlatforms) = preSolution
		Development|Default = Development|Default
	EndGlobalSection
	GlobalSection(ProjectConfigurationPlatforms) = postSolution
		{0F6E2BA6-83F2-4D86-A2EE-D40618E2C12A}.Development|Default.ActiveCfg = Development
		{0F6E2BA6-83F2-4D86-A2EE-D40618E2C12A}.Development|Default.Build.0 = Development
	EndGlobalSection
	GlobalSection(SolutionProperties) = preSolution
		HideSolutionNode = FALSE
	EndGlobalSection
	GlobalSection(ExtensibilityGlobals) = postSolution
		SolutionGuid = {D757ECC2-1502-40A5-865C-B95C40531AFB}
	EndGlobalSection
EndGlobal
